
Microsoft Visual Studio Solution File, Format Version 12.00
# Visual Studio Version 16
VisualStudioVersion = 16.0.33920.266
MinimumVisualStudioVersion = 10.0.40219.1
Project("{8BC9CEB8-8B4A-11D0-8D11-00A0C91BC942}") = "通讯录", "通讯录\通讯录.vcxproj", "{FD7826E4-0897-4B3F-94FB-3FD98FE6A68B}"
EndProject
Global
	GlobalSection(SolutionConfigurationPlatforms) = preSolution
		Debug|x64 = Debug|x64
		Debug|x86 = Debug|x86
		Release|x64 = Release|x64
		Release|x86 = Release|x86
	EndGlobalSection
	GlobalSection(ProjectConfigurationPlatforms) = postSolution
		{FD7826E4-0897-4B3F-94FB-3FD98FE6A68B}.Debug|x64.ActiveCfg = Debug|x64
		{FD7826E4-0897-4B3F-94FB-3FD98FE6A68B}.Debug|x64.Build.0 = Debug|x64
		{FD7826E4-0897-4B3F-94FB-3FD98FE6A68B}.Debug|x86.ActiveCfg = Debug|Win32
		{FD7826E4-0897-4B3F-94FB-3FD98FE6A68B}.Debug|x86.Build.0 = Debug|Win32
		{FD7826E4-0897-4B3F-94FB-3FD98FE6A68B}.Release|x64.ActiveCfg = Release|x64
		{FD7826E4-0897-4B3F-94FB-3FD98FE6A68B}.Release|x64.Build.0 = Release|x64
		{FD7826E4-0897-4B3F-94FB-3FD98FE6A68B}.Release|x86.ActiveCfg = Release|Win32
		{FD7826E4-0897-4B3F-94FB-3FD98FE6A68B}.Release|x86.Build.0 = Release|Win32
	EndGlobalSection
	GlobalSection(SolutionProperties) = preSolution
		HideSolutionNode = FALSE
	EndGlobalSection
	GlobalSection(ExtensibilityGlobals) = postSolution
		SolutionGuid = {8AD22696-F1CB-499E-B47B-F14A8BB048A7}
	EndGlobalSection
EndGlobal
