
Microsoft Visual Studio Solution File, Format Version 12.00
# Visual Studio 2012
Project("{911E67C6-3D85-4FCE-B560-20A9C3E3FF48}") = "未命名6", "未命名6.exe", "{A7DFBB39-5EAE-4105-9022-B20FFC6ABDE5}"
	ProjectSection(DebuggerProjectSystem) = preProject
		PortSupplier = 00000000-0000-0000-0000-000000000000
		Executable = C:\Users\lenovo\OneDrive\桌面\C语言代码练习\text\喝汽水问题\未命名6.exe
		RemoteMachine = 鲜于言悠
		StartingDirectory = C:\Users\lenovo\OneDrive\桌面\C语言代码练习\text\喝汽水问题
		Environment = 默认值
		LaunchingEngine = 00000000-0000-0000-0000-000000000000
		LaunchSQLEngine = No
		AttachLaunchAction = No
	EndProjectSection
EndProject
Global
	GlobalSection(SolutionConfigurationPlatforms) = preSolution
		Debug|x86 = Debug|x86
	EndGlobalSection
	GlobalSection(ProjectConfigurationPlatforms) = postSolution
		{A7DFBB39-5EAE-4105-9022-B20FFC6ABDE5}.Debug|x86.ActiveCfg = Debug|x86
	EndGlobalSection
	GlobalSection(SolutionProperties) = preSolution
		HideSolutionNode = FALSE
	EndGlobalSection
EndGlobal
